lockfileVersion: '9.0'

settings:
  autoInstallPeers: true
  excludeLinksFromLockfile: false

importers:

  .:
    dependencies:
      '@minecraft/server':
        specifier: 2.1.0
        version: 2.1.0(@minecraft/vanilla-data@1.21.93)
      molang:
        specifier: ^2.0.1
        version: 2.0.1

packages:

  '@minecraft/common@1.2.0':
    resolution: {integrity: sha512-JdmEq4P3Z/FtoBzhLijFgMSVFnFRrUoLwY8DHHrgtFo0mfLTOLTB1RErYjLMsA6b7BGVNxkX/pfFRiH7QZ0XwQ==}

  '@minecraft/server@2.1.0':
    resolution: {integrity: sha512-yT7MH47hqhJ3C208Y3g7bEo52aT5q9DZApxH5y3+qQ9voqazF35t3FeTd6aw2S7C07HA6yZOmNZ7p79b3PCJXg==}
    peerDependencies:
      '@minecraft/vanilla-data': '>=1.20.70'

  '@minecraft/vanilla-data@1.21.93':
    resolution: {integrity: sha512-w5SDYzS02D1i307mnCGdCsLnWpJN1wjWvrSqvCMcqVnTQzAGp6ID5sv6QrjX8FypFEvAgOSB2Isvw38yu3yDag==}

  molang@2.0.1:
    resolution: {integrity: sha512-zVD9mAgv6MmpVGj54hS1EzG86Q6P2bwt8sP8uHiQT65e2e92nbnItrpjH0C6W65YxXNXrbiaEI4N0DCkcjdEFA==}

snapshots:

  '@minecraft/common@1.2.0': {}

  '@minecraft/server@2.1.0(@minecraft/vanilla-data@1.21.93)':
    dependencies:
      '@minecraft/common': 1.2.0
      '@minecraft/vanilla-data': 1.21.93

  '@minecraft/vanilla-data@1.21.93': {}

  molang@2.0.1: {}
